// !$*UTF8*$!
{
	archiveVersion = 1;
	classes = {
	};
	objectVersion = 46;
	objects = {

/* Begin PBXBuildFile section */
		1801FB771E77BAAC00705F92 /* MyNavigationController.swift in Sources */ = {isa = PBXBuildFile; fileRef = 1801FB761E77BAAC00705F92 /* MyNavigationController.swift */; };
		1801FB7B1E7BA05600705F92 /* Assets.xcassets in Resources */ = {isa = PBXBuildFile; fileRef = 1801FB7A1E7BA05600705F92 /* Assets.xcassets */; };
		1801FB8C1E7F100C00705F92 /* LocationDetailViewController.swift in Sources */ = {isa = PBXBuildFile; fileRef = 1801FB8B1E7F100C00705F92 /* LocationDetailViewController.swift */; };
		1837E7DC1E9B419400A01461 /* CategoryPickerCell.swift in Sources */ = {isa = PBXBuildFile; fileRef = 1837E7DB1E9B419400A01461 /* CategoryPickerCell.swift */; };
		185F5C3B1E679C5F004E73B7 /* AppDelegate.swift in Sources */ = {isa = PBXBuildFile; fileRef = 185F5C3A1E679C5F004E73B7 /* AppDelegate.swift */; };
		185F5C3D1E679C5F004E73B7 /* CurrentLocationViewController.swift in Sources */ = {isa = PBXBuildFile; fileRef = 185F5C3C1E679C5F004E73B7 /* CurrentLocationViewController.swift */; };
		185F5C471E679C5F004E73B7 /* LaunchScreen.storyboard in Resources */ = {isa = PBXBuildFile; fileRef = 185F5C451E679C5F004E73B7 /* LaunchScreen.storyboard */; };
		187404AF1EB8167100D4578C /* Assets.xcassets in Resources */ = {isa = PBXBuildFile; fileRef = 187404AE1EB8167100D4578C /* Assets.xcassets */; };
		18DD5D811EB2D9C700DD40BC /* Main.storyboard in Resources */ = {isa = PBXBuildFile; fileRef = 18DD5D7F1EB2D9C700DD40BC /* Main.storyboard */; };
		18EEC0D01E983EC60096A52A /* MyLocation.swift in Sources */ = {isa = PBXBuildFile; fileRef = 18EEC0CF1E983EC60096A52A /* MyLocation.swift */; };
		18F08FFB1E9AB0CA00D5C7A7 /* CategoryPickerTableViewController.swift in Sources */ = {isa = PBXBuildFile; fileRef = 18F08FFA1E9AB0CA00D5C7A7 /* CategoryPickerTableViewController.swift */; };
		18F629F31E8626F200062EF8 /* LocationDetailEditViewController.swift in Sources */ = {isa = PBXBuildFile; fileRef = 18F629F21E8626F200062EF8 /* LocationDetailEditViewController.swift */; };
		18F62A021E89D1D700062EF8 /* DimmingPresentationController.swift in Sources */ = {isa = PBXBuildFile; fileRef = 18F62A011E89D1D700062EF8 /* DimmingPresentationController.swift */; };
		18F62A331E8B74C300062EF8 /* FadeAnimation.swift in Sources */ = {isa = PBXBuildFile; fileRef = 18F62A321E8B74C300062EF8 /* FadeAnimation.swift */; };
		18FB49611E8F63EC0075AFC8 /* PhotoCell.swift in Sources */ = {isa = PBXBuildFile; fileRef = 18FB49601E8F63EC0075AFC8 /* PhotoCell.swift */; };
		1F0729151EB2A547005C6C6E /* Settings.swift in Sources */ = {isa = PBXBuildFile; fileRef = 1F0729141EB2A547005C6C6E /* Settings.swift */; };
		1F0729171EB2A580005C6C6E /* CoreDataFunctions.swift in Sources */ = {isa = PBXBuildFile; fileRef = 1F0729161EB2A580005C6C6E /* CoreDataFunctions.swift */; };
		1F0729191EB2A59F005C6C6E /* PhotoFunctions.swift in Sources */ = {isa = PBXBuildFile; fileRef = 1F0729181EB2A59F005C6C6E /* PhotoFunctions.swift */; };
		1F1CE3281E7A1D2F00A1FA77 /* Category+CoreDataClass.swift in Sources */ = {isa = PBXBuildFile; fileRef = 1F1CE3261E7A1D2F00A1FA77 /* Category+CoreDataClass.swift */; };
		1F1CE3291E7A1D2F00A1FA77 /* Category+CoreDataProperties.swift in Sources */ = {isa = PBXBuildFile; fileRef = 1F1CE3271E7A1D2F00A1FA77 /* Category+CoreDataProperties.swift */; };
		1F5876CC1E7CBDFD006FB269 /* MyTabBarController.swift in Sources */ = {isa = PBXBuildFile; fileRef = 1F5876CB1E7CBDFD006FB269 /* MyTabBarController.swift */; };
		1F8D4F811E83963100A5D73E /* CategoriesViewController.swift in Sources */ = {isa = PBXBuildFile; fileRef = 1F8D4F801E83963100A5D73E /* CategoriesViewController.swift */; };
		1F8D4F881E8398C700A5D73E /* LocationsViewController.swift in Sources */ = {isa = PBXBuildFile; fileRef = 1F8D4F871E8398C700A5D73E /* LocationsViewController.swift */; };
		1F8D4F8A1E83990700A5D73E /* CategoryAddViewController.swift in Sources */ = {isa = PBXBuildFile; fileRef = 1F8D4F891E83990700A5D73E /* CategoryAddViewController.swift */; };
		1F8D4F8C1E83993F00A5D73E /* CategoryCell.swift in Sources */ = {isa = PBXBuildFile; fileRef = 1F8D4F8B1E83993F00A5D73E /* CategoryCell.swift */; };
		1F8D4F8E1E83994F00A5D73E /* ColorCell.swift in Sources */ = {isa = PBXBuildFile; fileRef = 1F8D4F8D1E83994F00A5D73E /* ColorCell.swift */; };
		1F8D4F901E83995500A5D73E /* MyIconCollectionCell.swift in Sources */ = {isa = PBXBuildFile; fileRef = 1F8D4F8F1E83995500A5D73E /* MyIconCollectionCell.swift */; };
		1F8D4F921E83995C00A5D73E /* RoundedCornersView.swift in Sources */ = {isa = PBXBuildFile; fileRef = 1F8D4F911E83995C00A5D73E /* RoundedCornersView.swift */; };
		1F8D4F961E839D4100A5D73E /* CategoryPickerViewController.swift in Sources */ = {isa = PBXBuildFile; fileRef = 1F8D4F951E839D4100A5D73E /* CategoryPickerViewController.swift */; };
		1FA2AC2D1EA9A176000BACB0 /* Bird.caf in Resources */ = {isa = PBXBuildFile; fileRef = 1FA2AC2C1EA9A176000BACB0 /* Bird.caf */; };
		1FA2AC2F1EA9A1D2000BACB0 /* Rain.caf in Resources */ = {isa = PBXBuildFile; fileRef = 1FA2AC2E1EA9A1D2000BACB0 /* Rain.caf */; };
		1FA2AC311EA9A1DD000BACB0 /* Thunder.caf in Resources */ = {isa = PBXBuildFile; fileRef = 1FA2AC301EA9A1DD000BACB0 /* Thunder.caf */; };
		1FA4ED531E722E3F002A6818 /* MapViewController.swift in Sources */ = {isa = PBXBuildFile; fileRef = 1FA4ED521E722E3F002A6818 /* MapViewController.swift */; };
		1FEAD48A1E6A8B19007CC5F1 /* HudView.swift in Sources */ = {isa = PBXBuildFile; fileRef = 1FEAD4891E6A8B19007CC5F1 /* HudView.swift */; };
		1FEAD4931E6CB5D2007CC5F1 /* DataModel.xcdatamodeld in Sources */ = {isa = PBXBuildFile; fileRef = 1FEAD4911E6CB5D2007CC5F1 /* DataModel.xcdatamodeld */; };
		1FEAD49E1E6CBAE9007CC5F1 /* Location+CoreDataClass.swift in Sources */ = {isa = PBXBuildFile; fileRef = 1FEAD49C1E6CBAE9007CC5F1 /* Location+CoreDataClass.swift */; };
		1FEAD49F1E6CBAE9007CC5F1 /* Location+CoreDataProperties.swift in Sources */ = {isa = PBXBuildFile; fileRef = 1FEAD49D1E6CBAE9007CC5F1 /* Location+CoreDataProperties.swift */; };
		1FEAD4A31E6E2146007CC5F1 /* LocationCell.swift in Sources */ = {isa = PBXBuildFile; fileRef = 1FEAD4A21E6E2146007CC5F1 /* LocationCell.swift */; };
		1FEAD4A61E6E2B2A007CC5F1 /* MapKit.framework in Frameworks */ = {isa = PBXBuildFile; fileRef = 1FEAD4A51E6E2B2A007CC5F1 /* MapKit.framework */; };
		1FEAD4AC1E70E41C007CC5F1 /* MyImagePickerController.swift in Sources */ = {isa = PBXBuildFile; fileRef = 1FEAD4AB1E70E41C007CC5F1 /* MyImagePickerController.swift */; };
/* End PBXBuildFile section */

/* Begin PBXFileReference section */
		1801FB761E77BAAC00705F92 /* MyNavigationController.swift */ = {isa = PBXFileReference; fileEncoding = 4; lastKnownFileType = sourcecode.swift; path = MyNavigationController.swift; sourceTree = "<group>"; };
		1801FB7A1E7BA05600705F92 /* Assets.xcassets */ = {isa = PBXFileReference; lastKnownFileType = folder.assetcatalog; path = Assets.xcassets; sourceTree = "<group>"; };
		1801FB8B1E7F100C00705F92 /* LocationDetailViewController.swift */ = {isa = PBXFileReference; fileEncoding = 4; lastKnownFileType = sourcecode.swift; path = LocationDetailViewController.swift; sourceTree = "<group>"; };
		1837E7DB1E9B419400A01461 /* CategoryPickerCell.swift */ = {isa = PBXFileReference; fileEncoding = 4; lastKnownFileType = sourcecode.swift; path = CategoryPickerCell.swift; sourceTree = "<group>"; };
		185F5C371E679C5F004E73B7 /* GeoKeeper.app */ = {isa = PBXFileReference; explicitFileType = wrapper.application; includeInIndex = 0; path = GeoKeeper.app; sourceTree = BUILT_PRODUCTS_DIR; };
		185F5C3A1E679C5F004E73B7 /* AppDelegate.swift */ = {isa = PBXFileReference; lastKnownFileType = sourcecode.swift; path = AppDelegate.swift; sourceTree = "<group>"; };
		185F5C3C1E679C5F004E73B7 /* CurrentLocationViewController.swift */ = {isa = PBXFileReference; lastKnownFileType = sourcecode.swift; path = CurrentLocationViewController.swift; sourceTree = "<group>"; };
		185F5C461E679C5F004E73B7 /* Base */ = {isa = PBXFileReference; lastKnownFileType = file.storyboard; name = Base; path = Base.lproj/LaunchScreen.storyboard; sourceTree = "<group>"; };
		185F5C481E679C5F004E73B7 /* Info.plist */ = {isa = PBXFileReference; lastKnownFileType = text.plist.xml; path = Info.plist; sourceTree = "<group>"; };
		187404AE1EB8167100D4578C /* Assets.xcassets */ = {isa = PBXFileReference; lastKnownFileType = folder.assetcatalog; path = Assets.xcassets; sourceTree = "<group>"; };
		18DD5D801EB2D9C700DD40BC /* Base */ = {isa = PBXFileReference; lastKnownFileType = file.storyboard; name = Base; path = GeoKeeper/Base.lproj/Main.storyboard; sourceTree = "<group>"; };
		18EEC0CF1E983EC60096A52A /* MyLocation.swift */ = {isa = PBXFileReference; fileEncoding = 4; lastKnownFileType = sourcecode.swift; path = MyLocation.swift; sourceTree = "<group>"; };
		18F08FFA1E9AB0CA00D5C7A7 /* CategoryPickerTableViewController.swift */ = {isa = PBXFileReference; fileEncoding = 4; lastKnownFileType = sourcecode.swift; path = CategoryPickerTableViewController.swift; sourceTree = "<group>"; };
		18F629F21E8626F200062EF8 /* LocationDetailEditViewController.swift */ = {isa = PBXFileReference; fileEncoding = 4; lastKnownFileType = sourcecode.swift; path = LocationDetailEditViewController.swift; sourceTree = "<group>"; };
		18F62A011E89D1D700062EF8 /* DimmingPresentationController.swift */ = {isa = PBXFileReference; fileEncoding = 4; lastKnownFileType = sourcecode.swift; path = DimmingPresentationController.swift; sourceTree = "<group>"; };
		18F62A321E8B74C300062EF8 /* FadeAnimation.swift */ = {isa = PBXFileReference; fileEncoding = 4; lastKnownFileType = sourcecode.swift; path = FadeAnimation.swift; sourceTree = "<group>"; };
		18FB49601E8F63EC0075AFC8 /* PhotoCell.swift */ = {isa = PBXFileReference; fileEncoding = 4; lastKnownFileType = sourcecode.swift; path = PhotoCell.swift; sourceTree = "<group>"; };
		1F0729141EB2A547005C6C6E /* Settings.swift */ = {isa = PBXFileReference; fileEncoding = 4; lastKnownFileType = sourcecode.swift; path = Settings.swift; sourceTree = "<group>"; };
		1F0729161EB2A580005C6C6E /* CoreDataFunctions.swift */ = {isa = PBXFileReference; fileEncoding = 4; lastKnownFileType = sourcecode.swift; path = CoreDataFunctions.swift; sourceTree = "<group>"; };
		1F0729181EB2A59F005C6C6E /* PhotoFunctions.swift */ = {isa = PBXFileReference; fileEncoding = 4; lastKnownFileType = sourcecode.swift; path = PhotoFunctions.swift; sourceTree = "<group>"; };
		1F1CE3261E7A1D2F00A1FA77 /* Category+CoreDataClass.swift */ = {isa = PBXFileReference; fileEncoding = 4; lastKnownFileType = sourcecode.swift; path = "Category+CoreDataClass.swift"; sourceTree = "<group>"; };
		1F1CE3271E7A1D2F00A1FA77 /* Category+CoreDataProperties.swift */ = {isa = PBXFileReference; fileEncoding = 4; lastKnownFileType = sourcecode.swift; path = "Category+CoreDataProperties.swift"; sourceTree = "<group>"; };
		1F5876CB1E7CBDFD006FB269 /* MyTabBarController.swift */ = {isa = PBXFileReference; fileEncoding = 4; lastKnownFileType = sourcecode.swift; path = MyTabBarController.swift; sourceTree = "<group>"; };
		1F8D4F801E83963100A5D73E /* CategoriesViewController.swift */ = {isa = PBXFileReference; fileEncoding = 4; lastKnownFileType = sourcecode.swift; path = CategoriesViewController.swift; sourceTree = "<group>"; };
		1F8D4F871E8398C700A5D73E /* LocationsViewController.swift */ = {isa = PBXFileReference; fileEncoding = 4; lastKnownFileType = sourcecode.swift; path = LocationsViewController.swift; sourceTree = "<group>"; };
		1F8D4F891E83990700A5D73E /* CategoryAddViewController.swift */ = {isa = PBXFileReference; fileEncoding = 4; lastKnownFileType = sourcecode.swift; path = CategoryAddViewController.swift; sourceTree = "<group>"; };
		1F8D4F8B1E83993F00A5D73E /* CategoryCell.swift */ = {isa = PBXFileReference; fileEncoding = 4; lastKnownFileType = sourcecode.swift; path = CategoryCell.swift; sourceTree = "<group>"; };
		1F8D4F8D1E83994F00A5D73E /* ColorCell.swift */ = {isa = PBXFileReference; fileEncoding = 4; lastKnownFileType = sourcecode.swift; path = ColorCell.swift; sourceTree = "<group>"; };
		1F8D4F8F1E83995500A5D73E /* MyIconCollectionCell.swift */ = {isa = PBXFileReference; fileEncoding = 4; lastKnownFileType = sourcecode.swift; path = MyIconCollectionCell.swift; sourceTree = "<group>"; };
		1F8D4F911E83995C00A5D73E /* RoundedCornersView.swift */ = {isa = PBXFileReference; fileEncoding = 4; lastKnownFileType = sourcecode.swift; path = RoundedCornersView.swift; sourceTree = "<group>"; };
		1F8D4F951E839D4100A5D73E /* CategoryPickerViewController.swift */ = {isa = PBXFileReference; fileEncoding = 4; lastKnownFileType = sourcecode.swift; path = CategoryPickerViewController.swift; sourceTree = "<group>"; };
		1FA2AC2C1EA9A176000BACB0 /* Bird.caf */ = {isa = PBXFileReference; lastKnownFileType = file; path = Bird.caf; sourceTree = "<group>"; };
		1FA2AC2E1EA9A1D2000BACB0 /* Rain.caf */ = {isa = PBXFileReference; lastKnownFileType = file; path = Rain.caf; sourceTree = "<group>"; };
		1FA2AC301EA9A1DD000BACB0 /* Thunder.caf */ = {isa = PBXFileReference; lastKnownFileType = file; path = Thunder.caf; sourceTree = "<group>"; };
		1FA4ED521E722E3F002A6818 /* MapViewController.swift */ = {isa = PBXFileReference; fileEncoding = 4; lastKnownFileType = sourcecode.swift; path = MapViewController.swift; sourceTree = "<group>"; };
		1FEAD4891E6A8B19007CC5F1 /* HudView.swift */ = {isa = PBXFileReference; fileEncoding = 4; lastKnownFileType = sourcecode.swift; path = HudView.swift; sourceTree = "<group>"; };
		1FEAD4921E6CB5D2007CC5F1 /* DataModel.xcdatamodel */ = {isa = PBXFileReference; lastKnownFileType = wrapper.xcdatamodel; path = DataModel.xcdatamodel; sourceTree = "<group>"; };
		1FEAD49C1E6CBAE9007CC5F1 /* Location+CoreDataClass.swift */ = {isa = PBXFileReference; fileEncoding = 4; lastKnownFileType = sourcecode.swift; path = "Location+CoreDataClass.swift"; sourceTree = "<group>"; };
		1FEAD49D1E6CBAE9007CC5F1 /* Location+CoreDataProperties.swift */ = {isa = PBXFileReference; fileEncoding = 4; lastKnownFileType = sourcecode.swift; path = "Location+CoreDataProperties.swift"; sourceTree = "<group>"; };
		1FEAD4A21E6E2146007CC5F1 /* LocationCell.swift */ = {isa = PBXFileReference; fileEncoding = 4; lastKnownFileType = sourcecode.swift; path = LocationCell.swift; sourceTree = "<group>"; };
		1FEAD4A51E6E2B2A007CC5F1 /* MapKit.framework */ = {isa = PBXFileReference; lastKnownFileType = wrapper.framework; name = MapKit.framework; path = System/Library/Frameworks/MapKit.framework; sourceTree = SDKROOT; };
		1FEAD4AB1E70E41C007CC5F1 /* MyImagePickerController.swift */ = {isa = PBXFileReference; fileEncoding = 4; lastKnownFileType = sourcecode.swift; path = MyImagePickerController.swift; sourceTree = "<group>"; };
/* End PBXFileReference section */

/* Begin PBXFrameworksBuildPhase section */
		185F5C341E679C5F004E73B7 /* Frameworks */ = {
			isa = PBXFrameworksBuildPhase;
			buildActionMask = 2147483647;
			files = (
				1FEAD4A61E6E2B2A007CC5F1 /* MapKit.framework in Frameworks */,
			);
			runOnlyForDeploymentPostprocessing = 0;
		};
/* End PBXFrameworksBuildPhase section */

/* Begin PBXGroup section */
		185F5C2E1E679C5F004E73B7 = {
			isa = PBXGroup;
			children = (
				187404AE1EB8167100D4578C /* Assets.xcassets */,
				1F1CE3261E7A1D2F00A1FA77 /* Category+CoreDataClass.swift */,
				1F1CE3271E7A1D2F00A1FA77 /* Category+CoreDataProperties.swift */,
				1FEAD49C1E6CBAE9007CC5F1 /* Location+CoreDataClass.swift */,
				1FEAD49D1E6CBAE9007CC5F1 /* Location+CoreDataProperties.swift */,
				185F5C391E679C5F004E73B7 /* GeoKeeper */,
				185F5C381E679C5F004E73B7 /* Products */,
				1FEAD4A41E6E2B2A007CC5F1 /* Frameworks */,
			);
			sourceTree = "<group>";
		};
		185F5C381E679C5F004E73B7 /* Products */ = {
			isa = PBXGroup;
			children = (
				185F5C371E679C5F004E73B7 /* GeoKeeper.app */,
			);
			name = Products;
			sourceTree = "<group>";
		};
		185F5C391E679C5F004E73B7 /* GeoKeeper */ = {
			isa = PBXGroup;
			children = (
				18DD5D7F1EB2D9C700DD40BC /* Main.storyboard */,
				185F5C451E679C5F004E73B7 /* LaunchScreen.storyboard */,
				1FA2AC2A1EA997D3000BACB0 /* Sound */,
				1F8D4F861E8397C700A5D73E /* Generals */,
				1F8D4F821E8396C900A5D73E /* Controllers */,
				1F8D4F841E83977300A5D73E /* Models */,
				1F8D4F851E83979100A5D73E /* Views */,
			);
			path = GeoKeeper;
			sourceTree = "<group>";
		};
		1F8D4F821E8396C900A5D73E /* Controllers */ = {
			isa = PBXGroup;
			children = (
				1F8D4F831E83972B00A5D73E /* TabbarViewControllers */,
				1801FB8B1E7F100C00705F92 /* LocationDetailViewController.swift */,
				18F629F21E8626F200062EF8 /* LocationDetailEditViewController.swift */,
				1F8D4F951E839D4100A5D73E /* CategoryPickerViewController.swift */,
				1F8D4F891E83990700A5D73E /* CategoryAddViewController.swift */,
				1FEAD4AB1E70E41C007CC5F1 /* MyImagePickerController.swift */,
				1F8D4F871E8398C700A5D73E /* LocationsViewController.swift */,
				18F08FFA1E9AB0CA00D5C7A7 /* CategoryPickerTableViewController.swift */,
			);
			name = Controllers;
			sourceTree = "<group>";
		};
		1F8D4F831E83972B00A5D73E /* TabbarViewControllers */ = {
			isa = PBXGroup;
			children = (
				185F5C3C1E679C5F004E73B7 /* CurrentLocationViewController.swift */,
				1F8D4F801E83963100A5D73E /* CategoriesViewController.swift */,
				1FA4ED521E722E3F002A6818 /* MapViewController.swift */,
			);
			name = TabbarViewControllers;
			sourceTree = "<group>";
		};
		1F8D4F841E83977300A5D73E /* Models */ = {
			isa = PBXGroup;
			children = (
				1FEAD4911E6CB5D2007CC5F1 /* DataModel.xcdatamodeld */,
				18EEC0CF1E983EC60096A52A /* MyLocation.swift */,
			);
			name = Models;
			sourceTree = "<group>";
		};
		1F8D4F851E83979100A5D73E /* Views */ = {
			isa = PBXGroup;
			children = (
				18F62A011E89D1D700062EF8 /* DimmingPresentationController.swift */,
				18F62A321E8B74C300062EF8 /* FadeAnimation.swift */,
				1FEAD4891E6A8B19007CC5F1 /* HudView.swift */,
				1F5876CB1E7CBDFD006FB269 /* MyTabBarController.swift */,
				1801FB761E77BAAC00705F92 /* MyNavigationController.swift */,
				1FEAD4A21E6E2146007CC5F1 /* LocationCell.swift */,
				1F8D4F8B1E83993F00A5D73E /* CategoryCell.swift */,
				1F8D4F8D1E83994F00A5D73E /* ColorCell.swift */,
				1F8D4F8F1E83995500A5D73E /* MyIconCollectionCell.swift */,
				1F8D4F911E83995C00A5D73E /* RoundedCornersView.swift */,
				18FB49601E8F63EC0075AFC8 /* PhotoCell.swift */,
				1837E7DB1E9B419400A01461 /* CategoryPickerCell.swift */,
			);
			name = Views;
			sourceTree = "<group>";
		};
		1F8D4F861E8397C700A5D73E /* Generals */ = {
			isa = PBXGroup;
			children = (
				185F5C3A1E679C5F004E73B7 /* AppDelegate.swift */,
				1F0729181EB2A59F005C6C6E /* PhotoFunctions.swift */,
				1F0729161EB2A580005C6C6E /* CoreDataFunctions.swift */,
				1F0729141EB2A547005C6C6E /* Settings.swift */,
				185F5C481E679C5F004E73B7 /* Info.plist */,
			);
			name = Generals;
			sourceTree = "<group>";
		};
		1FA2AC2A1EA997D3000BACB0 /* Sound */ = {
			isa = PBXGroup;
			children = (
				1FA2AC301EA9A1DD000BACB0 /* Thunder.caf */,
				1FA2AC2E1EA9A1D2000BACB0 /* Rain.caf */,
				1FA2AC2C1EA9A176000BACB0 /* Bird.caf */,
			);
			name = Sound;
			path = ..;
			sourceTree = "<group>";
		};
		1FEAD4A41E6E2B2A007CC5F1 /* Frameworks */ = {
			isa = PBXGroup;
			children = (
				1FEAD4A51E6E2B2A007CC5F1 /* MapKit.framework */,
			);
			name = Frameworks;
			sourceTree = "<group>";
		};
/* End PBXGroup section */

/* Begin PBXNativeTarget section */
		185F5C361E679C5F004E73B7 /* GeoKeeper */ = {
			isa = PBXNativeTarget;
			buildConfigurationList = 185F5C4B1E679C5F004E73B7 /* Build configuration list for PBXNativeTarget "GeoKeeper" */;
			buildPhases = (
				185F5C331E679C5F004E73B7 /* Sources */,
				185F5C341E679C5F004E73B7 /* Frameworks */,
				185F5C351E679C5F004E73B7 /* Resources */,
			);
			buildRules = (
			);
			dependencies = (
			);
			name = GeoKeeper;
			productName = GeoKeeper;
			productReference = 185F5C371E679C5F004E73B7 /* GeoKeeper.app */;
			productType = "com.apple.product-type.application";
		};
/* End PBXNativeTarget section */

/* Begin PBXProject section */
		185F5C2F1E679C5F004E73B7 /* Project object */ = {
			isa = PBXProject;
			attributes = {
				LastSwiftUpdateCheck = 0820;
				LastUpgradeCheck = 0820;
				ORGANIZATIONNAME = 204;
				TargetAttributes = {
					185F5C361E679C5F004E73B7 = {
						CreatedOnToolsVersion = 8.2.1;
						DevelopmentTeam = BR33AQS69G;
						ProvisioningStyle = Automatic;
					};
				};
			};
			buildConfigurationList = 185F5C321E679C5F004E73B7 /* Build configuration list for PBXProject "GeoKeeper" */;
			compatibilityVersion = "Xcode 3.2";
			developmentRegion = English;
			hasScannedForEncodings = 0;
			knownRegions = (
				en,
				Base,
			);
			mainGroup = 185F5C2E1E679C5F004E73B7;
			productRefGroup = 185F5C381E679C5F004E73B7 /* Products */;
			projectDirPath = "";
			projectRoot = "";
			targets = (
				185F5C361E679C5F004E73B7 /* GeoKeeper */,
			);
		};
/* End PBXProject section */

/* Begin PBXResourcesBuildPhase section */
		185F5C351E679C5F004E73B7 /* Resources */ = {
			isa = PBXResourcesBuildPhase;
			buildActionMask = 2147483647;
			files = (
				18DD5D811EB2D9C700DD40BC /* Main.storyboard in Resources */,
				1FA2AC311EA9A1DD000BACB0 /* Thunder.caf in Resources */,
				1801FB7B1E7BA05600705F92 /* Assets.xcassets in Resources */,
				185F5C471E679C5F004E73B7 /* LaunchScreen.storyboard in Resources */,
				187404AF1EB8167100D4578C /* Assets.xcassets in Resources */,
				1FA2AC2F1EA9A1D2000BACB0 /* Rain.caf in Resources */,
				1FA2AC2D1EA9A176000BACB0 /* Bird.caf in Resources */,
			);
			runOnlyForDeploymentPostprocessing = 0;
		};
/* End PBXResourcesBuildPhase section */

/* Begin PBXSourcesBuildPhase section */
		185F5C331E679C5F004E73B7 /* Sources */ = {
			isa = PBXSourcesBuildPhase;
			buildActionMask = 2147483647;
			files = (
				18FB49611E8F63EC0075AFC8 /* PhotoCell.swift in Sources */,
				18F629F31E8626F200062EF8 /* LocationDetailEditViewController.swift in Sources */,
				1F8D4F961E839D4100A5D73E /* CategoryPickerViewController.swift in Sources */,
				1F8D4F8A1E83990700A5D73E /* CategoryAddViewController.swift in Sources */,
				1F5876CC1E7CBDFD006FB269 /* MyTabBarController.swift in Sources */,
				18F08FFB1E9AB0CA00D5C7A7 /* CategoryPickerTableViewController.swift in Sources */,
				1801FB8C1E7F100C00705F92 /* LocationDetailViewController.swift in Sources */,
				1F8D4F811E83963100A5D73E /* CategoriesViewController.swift in Sources */,
				1FEAD4931E6CB5D2007CC5F1 /* DataModel.xcdatamodeld in Sources */,
				1837E7DC1E9B419400A01461 /* CategoryPickerCell.swift in Sources */,
				1F0729191EB2A59F005C6C6E /* PhotoFunctions.swift in Sources */,
				1F8D4F8E1E83994F00A5D73E /* ColorCell.swift in Sources */,
				1801FB771E77BAAC00705F92 /* MyNavigationController.swift in Sources */,
				18F62A331E8B74C300062EF8 /* FadeAnimation.swift in Sources */,
				1FEAD48A1E6A8B19007CC5F1 /* HudView.swift in Sources */,
				1F0729171EB2A580005C6C6E /* CoreDataFunctions.swift in Sources */,
				1FEAD49F1E6CBAE9007CC5F1 /* Location+CoreDataProperties.swift in Sources */,
				1F8D4F921E83995C00A5D73E /* RoundedCornersView.swift in Sources */,
				1FA4ED531E722E3F002A6818 /* MapViewController.swift in Sources */,
				1F8D4F881E8398C700A5D73E /* LocationsViewController.swift in Sources */,
				1FEAD4A31E6E2146007CC5F1 /* LocationCell.swift in Sources */,
				1F8D4F901E83995500A5D73E /* MyIconCollectionCell.swift in Sources */,
				1FEAD4AC1E70E41C007CC5F1 /* MyImagePickerController.swift in Sources */,
				18F62A021E89D1D700062EF8 /* DimmingPresentationController.swift in Sources */,
				185F5C3B1E679C5F004E73B7 /* AppDelegate.swift in Sources */,
				18EEC0D01E983EC60096A52A /* MyLocation.swift in Sources */,
				1F0729151EB2A547005C6C6E /* Settings.swift in Sources */,
				1FEAD49E1E6CBAE9007CC5F1 /* Location+CoreDataClass.swift in Sources */,
				1F8D4F8C1E83993F00A5D73E /* CategoryCell.swift in Sources */,
				1F1CE3281E7A1D2F00A1FA77 /* Category+CoreDataClass.swift in Sources */,
				185F5C3D1E679C5F004E73B7 /* CurrentLocationViewController.swift in Sources */,
				1F1CE3291E7A1D2F00A1FA77 /* Category+CoreDataProperties.swift in Sources */,
			);
			runOnlyForDeploymentPostprocessing = 0;
		};
/* End PBXSourcesBuildPhase section */

/* Begin PBXVariantGroup section */
		185F5C451E679C5F004E73B7 /* LaunchScreen.storyboard */ = {
			isa = PBXVariantGroup;
			children = (
				185F5C461E679C5F004E73B7 /* Base */,
			);
			name = LaunchScreen.storyboard;
			sourceTree = "<group>";
		};
		18DD5D7F1EB2D9C700DD40BC /* Main.storyboard */ = {
			isa = PBXVariantGroup;
			children = (
				18DD5D801EB2D9C700DD40BC /* Base */,
			);
			name = Main.storyboard;
			path = ..;
			sourceTree = "<group>";
		};
/* End PBXVariantGroup section */

/* Begin XCBuildConfiguration section */
		185F5C491E679C5F004E73B7 /* Debug */ = {
			isa = XCBuildConfiguration;
			buildSettings = {
				ALWAYS_SEARCH_USER_PATHS = NO;
				CLANG_ANALYZER_NONNULL = YES;
				CLANG_CXX_LANGUAGE_STANDARD = "gnu++0x";
				CLANG_CXX_LIBRARY = "libc++";
				CLANG_ENABLE_MODULES = YES;
				CLANG_ENABLE_OBJC_ARC = YES;
				CLANG_WARN_BOOL_CONVERSION = YES;
				CLANG_WARN_CONSTANT_CONVERSION = YES;
				CLANG_WARN_DIRECT_OBJC_ISA_USAGE = YES_ERROR;
				CLANG_WARN_DOCUMENTATION_COMMENTS = YES;
				CLANG_WARN_EMPTY_BODY = YES;
				CLANG_WARN_ENUM_CONVERSION = YES;
				CLANG_WARN_INFINITE_RECURSION = YES;
				CLANG_WARN_INT_CONVERSION = YES;
				CLANG_WARN_OBJC_ROOT_CLASS = YES_ERROR;
				CLANG_WARN_SUSPICIOUS_MOVE = YES;
				CLANG_WARN_UNREACHABLE_CODE = YES;
				CLANG_WARN__DUPLICATE_METHOD_MATCH = YES;
				"CODE_SIGN_IDENTITY[sdk=iphoneos*]" = "iPhone Developer";
				COPY_PHASE_STRIP = NO;
				DEBUG_INFORMATION_FORMAT = dwarf;
				ENABLE_STRICT_OBJC_MSGSEND = YES;
				ENABLE_TESTABILITY = YES;
				GCC_C_LANGUAGE_STANDARD = gnu99;
				GCC_DYNAMIC_NO_PIC = NO;
				GCC_NO_COMMON_BLOCKS = YES;
				GCC_OPTIMIZATION_LEVEL = 0;
				GCC_PREPROCESSOR_DEFINITIONS = (
					"DEBUG=1",
					"$(inherited)",
				);
				GCC_WARN_64_TO_32_BIT_CONVERSION = YES;
				GCC_WARN_ABOUT_RETURN_TYPE = YES_ERROR;
				GCC_WARN_UNDECLARED_SELECTOR = YES;
				GCC_WARN_UNINITIALIZED_AUTOS = YES_AGGRESSIVE;
				GCC_WARN_UNUSED_FUNCTION = YES;
				GCC_WARN_UNUSED_VARIABLE = YES;
				IPHONEOS_DEPLOYMENT_TARGET = 10.2;
				MTL_ENABLE_DEBUG_INFO = YES;
				ONLY_ACTIVE_ARCH = YES;
				SDKROOT = iphoneos;
				SWIFT_ACTIVE_COMPILATION_CONDITIONS = DEBUG;
				SWIFT_OPTIMIZATION_LEVEL = "-Onone";
			};
			name = Debug;
		};
		185F5C4A1E679C5F004E73B7 /* Release */ = {
			isa = XCBuildConfiguration;
			buildSettings = {
				ALWAYS_SEARCH_USER_PATHS = NO;
				CLANG_ANALYZER_NONNULL = YES;
				CLANG_CXX_LANGUAGE_STANDARD = "gnu++0x";
				CLANG_CXX_LIBRARY = "libc++";
				CLANG_ENABLE_MODULES = YES;
				CLANG_ENABLE_OBJC_ARC = YES;
				CLANG_WARN_BOOL_CONVERSION = YES;
				CLANG_WARN_CONSTANT_CONVERSION = YES;
				CLANG_WARN_DIRECT_OBJC_ISA_USAGE = YES_ERROR;
				CLANG_WARN_DOCUMENTATION_COMMENTS = YES;
				CLANG_WARN_EMPTY_BODY = YES;
				CLANG_WARN_ENUM_CONVERSION = YES;
				CLANG_WARN_INFINITE_RECURSION = YES;
				CLANG_WARN_INT_CONVERSION = YES;
				CLANG_WARN_OBJC_ROOT_CLASS = YES_ERROR;
				CLANG_WARN_SUSPICIOUS_MOVE = YES;
				CLANG_WARN_UNREACHABLE_CODE = YES;
				CLANG_WARN__DUPLICATE_METHOD_MATCH = YES;
				"CODE_SIGN_IDENTITY[sdk=iphoneos*]" = "iPhone Developer";
				COPY_PHASE_STRIP = NO;
				DEBUG_INFORMATION_FORMAT = "dwarf-with-dsym";
				ENABLE_NS_ASSERTIONS = NO;
				ENABLE_STRICT_OBJC_MSGSEND = YES;
				GCC_C_LANGUAGE_STANDARD = gnu99;
				GCC_NO_COMMON_BLOCKS = YES;
				GCC_WARN_64_TO_32_BIT_CONVERSION = YES;
				GCC_WARN_ABOUT_RETURN_TYPE = YES_ERROR;
				GCC_WARN_UNDECLARED_SELECTOR = YES;
				GCC_WARN_UNINITIALIZED_AUTOS = YES_AGGRESSIVE;
				GCC_WARN_UNUSED_FUNCTION = YES;
				GCC_WARN_UNUSED_VARIABLE = YES;
				IPHONEOS_DEPLOYMENT_TARGET = 10.2;
				MTL_ENABLE_DEBUG_INFO = NO;
				SDKROOT = iphoneos;
				SWIFT_OPTIMIZATION_LEVEL = "-Owholemodule";
				VALIDATE_PRODUCT = YES;
			};
			name = Release;
		};
		185F5C4C1E679C5F004E73B7 /* Debug */ = {
			isa = XCBuildConfiguration;
			buildSettings = {
				ASSETCATALOG_COMPILER_APPICON_NAME = AppIcon;
				DEVELOPMENT_TEAM = BR33AQS69G;
				INFOPLIST_FILE = GeoKeeper/Info.plist;
				IPHONEOS_DEPLOYMENT_TARGET = 10.2;
				LD_RUNPATH_SEARCH_PATHS = "$(inherited) @executable_path/Frameworks";
				PRODUCT_BUNDLE_IDENTIFIER = com.204.GeoKeeper;
				PRODUCT_NAME = "$(TARGET_NAME)";
				SWIFT_VERSION = 3.0;
			};
			name = Debug;
		};
		185F5C4D1E679C5F004E73B7 /* Release */ = {
			isa = XCBuildConfiguration;
			buildSettings = {
				ASSETCATALOG_COMPILER_APPICON_NAME = AppIcon;
				DEVELOPMENT_TEAM = BR33AQS69G;
				INFOPLIST_FILE = GeoKeeper/Info.plist;
				IPHONEOS_DEPLOYMENT_TARGET = 10.2;
				LD_RUNPATH_SEARCH_PATHS = "$(inherited) @executable_path/Frameworks";
				PRODUCT_BUNDLE_IDENTIFIER = com.204.GeoKeeper;
				PRODUCT_NAME = "$(TARGET_NAME)";
				SWIFT_VERSION = 3.0;
			};
			name = Release;
		};
/* End XCBuildConfiguration section */

/* Begin XCConfigurationList section */
		185F5C321E679C5F004E73B7 /* Build configuration list for PBXProject "GeoKeeper" */ = {
			isa = XCConfigurationList;
			buildConfigurations = (
				185F5C491E679C5F004E73B7 /* Debug */,
				185F5C4A1E679C5F004E73B7 /* Release */,
			);
			defaultConfigurationIsVisible = 0;
			defaultConfigurationName = Release;
		};
		185F5C4B1E679C5F004E73B7 /* Build configuration list for PBXNativeTarget "GeoKeeper" */ = {
			isa = XCConfigurationList;
			buildConfigurations = (
				185F5C4C1E679C5F004E73B7 /* Debug */,
				185F5C4D1E679C5F004E73B7 /* Release */,
			);
			defaultConfigurationIsVisible = 0;
			defaultConfigurationName = Release;
		};
/* End XCConfigurationList section */

/* Begin XCVersionGroup section */
		1FEAD4911E6CB5D2007CC5F1 /* DataModel.xcdatamodeld */ = {
			isa = XCVersionGroup;
			children = (
				1FEAD4921E6CB5D2007CC5F1 /* DataModel.xcdatamodel */,
			);
			currentVersion = 1FEAD4921E6CB5D2007CC5F1 /* DataModel.xcdatamodel */;
			path = DataModel.xcdatamodeld;
			sourceTree = "<group>";
			versionGroupType = wrapper.xcdatamodel;
		};
/* End XCVersionGroup section */
	};
	rootObject = 185F5C2F1E679C5F004E73B7 /* Project object */;
}
